{
  "nodes": {
    "compress-yazi": {
      "flake": false,
      "locked": {
        "lastModified": 1778861224,
        "narHash": "sha256-yts/LCDpCH9cH1pY6Im/UpCQDCyzjhSGDZfGpQDdEZc=",
        "owner": "KKV9",
        "repo": "compress.yazi",
        "rev": "e60e122e565e7c4798ef22767eb363428dc6704e",
        "type": "github"
      },
      "original": {
        "owner": "KKV9",
        "repo": "compress.yazi",
        "type": "github"
      }
    },
    "eza-preview-yazi": {
      "flake": false,
      "locked": {
        "lastModified": 1778281473,
        "narHash": "sha256-OsBkK+BkCczUqDsl/PYhSWtgVK7l8I5KWHH9xBmgzRw=",
        "owner": "ahkohd",
        "repo": "eza-preview.yazi",
        "rev": "dc9c1033d45ba31746a79403119732339a1fc0fb",
        "type": "github"
      },
      "original": {
        "owner": "ahkohd",
        "repo": "eza-preview.yazi",
        "type": "github"
      }
    },
    "home-manager": {
      "inputs": {
        "nixpkgs": [
          "nixpkgs"
        ]
      },
      "locked": {
        "lastModified": 1782103446,
        "narHash": "sha256-+vMR3KPBVoY9nJrQI9qje5H1vmv51dJgMYkUuYimtJg=",
        "owner": "nix-community",
        "repo": "home-manager",
        "rev": "d8dac1f668fd861369571be3678ec75b1573e7e3",
        "type": "github"
      },
      "original": {
        "owner": "nix-community",
        "repo": "home-manager",
        "type": "github"
      }
    },
    "nix-darwin": {
      "inputs": {
        "nixpkgs": [
          "nixpkgs"
        ]
      },
      "locked": {
        "lastModified": 1781761792,
        "narHash": "sha256-rCPytmKNjctLloB6UgK5CRrHSwV4b0ygxtJLPPp8R14=",
        "owner": "lnl7",
        "repo": "nix-darwin",
        "rev": "a1fa429e945becaf60468600daf649be4ba0350c",
        "type": "github"
      },
      "original": {
        "owner": "lnl7",
        "repo": "nix-darwin",
        "type": "github"
      }
    },
    "nixpkgs": {
      "locked": {
        "lastModified": 1781607440,
        "narHash": "sha256-rxO+uc/KFbSJp+pgyXRuAX6QlG9hJdnt0BXpEQRXY+U=",
        "owner": "nixos",
        "repo": "nixpkgs",
        "rev": "3e41b24abd260e8f71dbe2f5737d24122f972158",
        "type": "github"
      },
      "original": {
        "owner": "nixos",
        "ref": "nixpkgs-unstable",
        "repo": "nixpkgs",
        "type": "github"
      }
    },
    "root": {
      "inputs": {
        "compress-yazi": "compress-yazi",
        "eza-preview-yazi": "eza-preview-yazi",
        "home-manager": "home-manager",
        "nix-darwin": "nix-darwin",
        "nixpkgs": "nixpkgs",
        "yazi-flavors": "yazi-flavors",
        "yazi-plugins": "yazi-plugins"
      }
    },
    "yazi-flavors": {
      "flake": false,
      "locked": {
        "lastModified": 1780204176,
        "narHash": "sha256-qWNArjWuxWL+rOjLzyIniW5hJgWiAWTCgXmMXJpaWZE=",
        "owner": "yazi-rs",
        "repo": "flavors",
        "rev": "0f9204bc948c8313963f5c9d571a82edc201f8aa",
        "type": "github"
      },
      "original": {
        "owner": "yazi-rs",
        "repo": "flavors",
        "type": "github"
      }
    },
    "yazi-plugins": {
      "flake": false,
      "locked": {
        "lastModified": 1781931525,
        "narHash": "sha256-rgelX8Aj6iPYzk3NZN5NLMiJ/dQKJD2BKXsrK6xXdkc=",
        "owner": "yazi-rs",
        "repo": "plugins",
        "rev": "38efe09c270162f1b0dfb6020e021a5b64bdc735",
        "type": "github"
      },
      "original": {
        "owner": "yazi-rs",
        "repo": "plugins",
        "type": "github"
      }
    }
  },
  "root": "root",
  "version": 7
}
