{
  "nodes": {
    "compress-yazi": {
      "flake": false,
      "locked": {
        "lastModified": 1778861224,
        "narHash": "sha256-yts/LCDpCH9cH1pY6Im/UpCQDCyzjhSGDZfGpQDdEZc=",
        "owner": "KKV9",
        "repo": "compress.yazi",
        "rev": "e60e122e565e7c4798ef22767eb363428dc6704e",
        "type": "github"
      },
      "original": {
        "owner": "KKV9",
        "repo": "compress.yazi",
        "type": "github"
      }
    },
    "eza-preview-yazi": {
      "flake": false,
      "locked": {
        "lastModified": 1778281473,
        "narHash": "sha256-OsBkK+BkCczUqDsl/PYhSWtgVK7l8I5KWHH9xBmgzRw=",
        "owner": "ahkohd",
        "repo": "eza-preview.yazi",
        "rev": "dc9c1033d45ba31746a79403119732339a1fc0fb",
        "type": "github"
      },
      "original": {
        "owner": "ahkohd",
        "repo": "eza-preview.yazi",
        "type": "github"
      }
    },
    "home-manager": {
      "inputs": {
        "nixpkgs": [
          "nixpkgs"
        ]
      },
      "locked": {
        "lastModified": 1780885330,
        "narHash": "sha256-aMA5oAq2Iv467U9s8YOb50DYQT9w0WJbyWqwlzHuLMs=",
        "owner": "nix-community",
        "repo": "home-manager",
        "rev": "4fe95527cbe952713318ada8a4d122e1a6ab120f",
        "type": "github"
      },
      "original": {
        "owner": "nix-community",
        "repo": "home-manager",
        "type": "github"
      }
    },
    "nix-darwin": {
      "inputs": {
        "nixpkgs": [
          "nixpkgs"
        ]
      },
      "locked": {
        "lastModified": 1780795403,
        "narHash": "sha256-AkWx4Zt9pQbD/f82Z8N57+d0HGLN/rV3gdMKJTpBPKs=",
        "owner": "lnl7",
        "repo": "nix-darwin",
        "rev": "6a771120d607dcccb279a27d227650e324815c35",
        "type": "github"
      },
      "original": {
        "owner": "lnl7",
        "repo": "nix-darwin",
        "type": "github"
      }
    },
    "nixpkgs": {
      "locked": {
        "lastModified": 1780747962,
        "narHash": "sha256-IX7G1dlKrOqPOImfbo7ADDfV5yU1+j+MRChI3TL4tAA=",
        "owner": "nixos",
        "repo": "nixpkgs",
        "rev": "cbb5cf358f50aa6acc9efd6113b7bcfbc352cd73",
        "type": "github"
      },
      "original": {
        "owner": "nixos",
        "ref": "nixpkgs-unstable",
        "repo": "nixpkgs",
        "type": "github"
      }
    },
    "root": {
      "inputs": {
        "compress-yazi": "compress-yazi",
        "eza-preview-yazi": "eza-preview-yazi",
        "home-manager": "home-manager",
        "nix-darwin": "nix-darwin",
        "nixpkgs": "nixpkgs",
        "yazi-flavors": "yazi-flavors",
        "yazi-plugins": "yazi-plugins"
      }
    },
    "yazi-flavors": {
      "flake": false,
      "locked": {
        "lastModified": 1780204176,
        "narHash": "sha256-qWNArjWuxWL+rOjLzyIniW5hJgWiAWTCgXmMXJpaWZE=",
        "owner": "yazi-rs",
        "repo": "flavors",
        "rev": "0f9204bc948c8313963f5c9d571a82edc201f8aa",
        "type": "github"
      },
      "original": {
        "owner": "yazi-rs",
        "repo": "flavors",
        "type": "github"
      }
    },
    "yazi-plugins": {
      "flake": false,
      "locked": {
        "lastModified": 1780203849,
        "narHash": "sha256-bqGN6JxbU+/o7TlM/Cm9Qj/s1McA4pB5QWArGZPcme4=",
        "owner": "yazi-rs",
        "repo": "plugins",
        "rev": "598cdb671401574ac27aeee257e2f3b0c80610a1",
        "type": "github"
      },
      "original": {
        "owner": "yazi-rs",
        "repo": "plugins",
        "type": "github"
      }
    }
  },
  "root": "root",
  "version": 7
}
