{
  "nodes": {
    "compress-yazi": {
      "flake": false,
      "locked": {
        "lastModified": 1778861224,
        "narHash": "sha256-yts/LCDpCH9cH1pY6Im/UpCQDCyzjhSGDZfGpQDdEZc=",
        "owner": "KKV9",
        "repo": "compress.yazi",
        "rev": "e60e122e565e7c4798ef22767eb363428dc6704e",
        "type": "github"
      },
      "original": {
        "owner": "KKV9",
        "repo": "compress.yazi",
        "type": "github"
      }
    },
    "eza-preview-yazi": {
      "flake": false,
      "locked": {
        "lastModified": 1778281473,
        "narHash": "sha256-OsBkK+BkCczUqDsl/PYhSWtgVK7l8I5KWHH9xBmgzRw=",
        "owner": "ahkohd",
        "repo": "eza-preview.yazi",
        "rev": "dc9c1033d45ba31746a79403119732339a1fc0fb",
        "type": "github"
      },
      "original": {
        "owner": "ahkohd",
        "repo": "eza-preview.yazi",
        "type": "github"
      }
    },
    "home-manager": {
      "inputs": {
        "nixpkgs": [
          "nixpkgs"
        ]
      },
      "locked": {
        "lastModified": 1779075347,
        "narHash": "sha256-ZqttlFPw0meQMdABi8/vgle14OWQ3FkIqUkb4/Mrc+0=",
        "owner": "nix-community",
        "repo": "home-manager",
        "rev": "08c9d01457badce151aa4a983c475042d9dec018",
        "type": "github"
      },
      "original": {
        "owner": "nix-community",
        "repo": "home-manager",
        "type": "github"
      }
    },
    "nix-darwin": {
      "inputs": {
        "nixpkgs": [
          "nixpkgs"
        ]
      },
      "locked": {
        "lastModified": 1779036909,
        "narHash": "sha256-zXcwYQGCT6pzinK+1dBB2ekTVtfxGZAapb3Evdcu4fY=",
        "owner": "lnl7",
        "repo": "nix-darwin",
        "rev": "56c666e108467d87d13508936aade6d567f2a501",
        "type": "github"
      },
      "original": {
        "owner": "lnl7",
        "repo": "nix-darwin",
        "type": "github"
      }
    },
    "nixpkgs": {
      "locked": {
        "lastModified": 1778869304,
        "narHash": "sha256-30sZNZoA1cqF5JNO9fVX+wgiQYjB7HJqqJ4ztCDeBZE=",
        "owner": "nixos",
        "repo": "nixpkgs",
        "rev": "d233902339c02a9c334e7e593de68855ad26c4cb",
        "type": "github"
      },
      "original": {
        "owner": "nixos",
        "ref": "nixpkgs-unstable",
        "repo": "nixpkgs",
        "type": "github"
      }
    },
    "root": {
      "inputs": {
        "compress-yazi": "compress-yazi",
        "eza-preview-yazi": "eza-preview-yazi",
        "home-manager": "home-manager",
        "nix-darwin": "nix-darwin",
        "nixpkgs": "nixpkgs",
        "yazi-flavors": "yazi-flavors",
        "yazi-plugins": "yazi-plugins"
      }
    },
    "yazi-flavors": {
      "flake": false,
      "locked": {
        "lastModified": 1778937272,
        "narHash": "sha256-46x4K4dx4rlU108SXhctJOeGlO/W57Pnofb914Sa4vA=",
        "owner": "yazi-rs",
        "repo": "flavors",
        "rev": "54ab389e4deb3d1bc1d8de18d99e825962a55da1",
        "type": "github"
      },
      "original": {
        "owner": "yazi-rs",
        "repo": "flavors",
        "type": "github"
      }
    },
    "yazi-plugins": {
      "flake": false,
      "locked": {
        "lastModified": 1776896409,
        "narHash": "sha256-svc7I2E+tVMEUWUvIS6i3oTGfLq13eaI61T0c1MQ8qQ=",
        "owner": "yazi-rs",
        "repo": "plugins",
        "rev": "ac82af3e10f9a32cecd9f87ac64b3f9de7c7aea7",
        "type": "github"
      },
      "original": {
        "owner": "yazi-rs",
        "repo": "plugins",
        "rev": "ac82af3e10f9a32cecd9f87ac64b3f9de7c7aea7",
        "type": "github"
      }
    }
  },
  "root": "root",
  "version": 7
}
