{
  "name": "czg-nix",
  "version": "1.0.0",
  "lockfileVersion": 3,
  "requires": true,
  "packages": {
    "": {
      "name": "czg-nix",
      "version": "1.0.0",
      "dependencies": {
        "cz-git": "1.13.0",
        "czg": "1.13.0"
      }
    },
    "node_modules/cz-git": {
      "version": "1.13.0",
      "resolved": "https://registry.npmjs.org/cz-git/-/cz-git-1.13.0.tgz",
      "integrity": "sha512-oTxNSypCvhfHJF7KmnO8lSDup4lYa/s6bbF1700vyONepDIMTcMMXQweSxE/7ANIm7hcv1ckz4HLitZNM02fCw==",
      "license": "MIT",
      "engines": {
        "node": ">=v12.20.0"
      }
    },
    "node_modules/czg": {
      "version": "1.13.0",
      "resolved": "https://registry.npmjs.org/czg/-/czg-1.13.0.tgz",
      "integrity": "sha512-Y2f2gBpnCa3wJbBGic0mfNJt9zGbWKtrBlJFMclDNUyipvCgn0As2WPHaAtBkBSMlZgzORHRfwAP96C5lrCIYA==",
      "license": "MIT",
      "bin": {
        "czg": "bin/index.js",
        "git-czg": "bin/index.js"
      },
      "engines": {
        "node": ">=v12.20.0"
      }
    }
  }
}
