{
  "name": "czg-nix",
  "version": "1.0.0",
  "lockfileVersion": 3,
  "requires": true,
  "packages": {
    "": {
      "name": "czg-nix",
      "version": "1.0.0",
      "dependencies": {
        "cz-git": "1.13.1",
        "czg": "1.13.1"
      }
    },
    "node_modules/cz-git": {
      "version": "1.13.1",
      "resolved": "https://registry.npmjs.org/cz-git/-/cz-git-1.13.1.tgz",
      "integrity": "sha512-xeMA5ci+gkBY6uKmqc6nzhG/Q4pmK1DKbVVUgByOTBgregoiYE0f3otEF0ADelyEWH4vNsO1W2o7QZYEe7Nwlw==",
      "license": "MIT",
      "engines": {
        "node": ">=v12.20.0"
      }
    },
    "node_modules/czg": {
      "version": "1.13.1",
      "resolved": "https://registry.npmjs.org/czg/-/czg-1.13.1.tgz",
      "integrity": "sha512-mCfY4bCAMAdaFSlrQwtUTChzFAv59kD/y2leX5+C7X9inu0mt/VkHT7gkbzwcToh26oJaOaYPA9lcXUX92/6cw==",
      "license": "MIT",
      "bin": {
        "czg": "bin/index.js",
        "git-czg": "bin/index.js"
      },
      "engines": {
        "node": ">=v12.20.0"
      }
    }
  }
}
